
Microsoft Visual Studio Solution File, Format Version 12.00
# Visual Studio Version 17
VisualStudioVersion = 17.7.34031.279
MinimumVisualStudioVersion = 10.0.40219.1
Project("{FAE04EC0-301F-11D3-BF4B-00C04F79EFBC}") = "Banking_Prototype", "Banking_Prototype\Banking_Prototype.csproj", "{5F970D35-8DA9-4E1F-BE78-CA9B523E5A69}"
EndProject
Global
	GlobalSection(SolutionConfigurationPlatforms) = preSolution
		Debug|Any CPU = Debug|Any CPU
		Release|Any CPU = Release|Any CPU
	EndGlobalSection
	GlobalSection(ProjectConfigurationPlatforms) = postSolution
		{5F970D35-8DA9-4E1F-BE78-CA9B523E5A69}.Debug|Any CPU.ActiveCfg = Debug|Any CPU
		{5F970D35-8DA9-4E1F-BE78-CA9B523E5A69}.Debug|Any CPU.Build.0 = Debug|Any CPU
		{5F970D35-8DA9-4E1F-BE78-CA9B523E5A69}.Release|Any CPU.ActiveCfg = Release|Any CPU
		{5F970D35-8DA9-4E1F-BE78-CA9B523E5A69}.Release|Any CPU.Build.0 = Release|Any CPU
	EndGlobalSection
	GlobalSection(SolutionProperties) = preSolution
		HideSolutionNode = FALSE
	EndGlobalSection
	GlobalSection(ExtensibilityGlobals) = postSolution
		SolutionGuid = {68BCEBC9-ED93-4069-92D2-1D054A988BC8}
	EndGlobalSection
EndGlobal
